
Microsoft Visual Studio Solution File, Format Version 12.00
# Visual Studio 15
VisualStudioVersion = 15.0.28010.2046
MinimumVisualStudioVersion = 10.0.40219.1
Project("{FAE04EC0-301F-11D3-BF4B-00C04F79EFBC}") = "Owin.Middleware", "Owin.Middleware\Owin.Middleware.csproj", "{44448192-20D3-46CE-B6FD-4C7B4DA98723}"
EndProject
Global
	GlobalSection(Performance) = preSolution
		HasPerformanceSessions = true
	EndGlobalSection
	GlobalSection(SolutionConfigurationPlatforms) = preSolution
		Debug|Any CPU = Debug|Any CPU
		Release|Any CPU = Release|Any CPU
	EndGlobalSection
	GlobalSection(ProjectConfigurationPlatforms) = postSolution
		{44448192-20D3-46CE-B6FD-4C7B4DA98723}.Debug|Any CPU.ActiveCfg = Debug|Any CPU
		{44448192-20D3-46CE-B6FD-4C7B4DA98723}.Debug|Any CPU.Build.0 = Debug|Any CPU
		{44448192-20D3-46CE-B6FD-4C7B4DA98723}.Release|Any CPU.ActiveCfg = Release|Any CPU
		{44448192-20D3-46CE-B6FD-4C7B4DA98723}.Release|Any CPU.Build.0 = Release|Any CPU
	EndGlobalSection
	GlobalSection(SolutionProperties) = preSolution
		HideSolutionNode = FALSE
	EndGlobalSection
	GlobalSection(ExtensibilityGlobals) = postSolution
		SolutionGuid = {44F9B446-FDF3-452F-9970-E78C76431CCF}
	EndGlobalSection
EndGlobal
